
Microsoft Visual Studio Solution File, Format Version 12.00
# Visual Studio Version 16
VisualStudioVersion = 16.0.30804.86
MinimumVisualStudioVersion = 10.0.40219.1
Project("{9A19103F-16F7-4668-BE54-9A1E7A4F7556}") = "Entities", "Entities\Entities.csproj", "{98883BB1-723E-488B-B14C-885D806629F6}"
EndProject
Project("{9A19103F-16F7-4668-BE54-9A1E7A4F7556}") = "DataAccess", "DataAccess\DataAccess.csproj", "{3DDAF8DA-DC52-4348-8AF2-B3CF206873F8}"
EndProject
Project("{9A19103F-16F7-4668-BE54-9A1E7A4F7556}") = "Business", "Business\Business.csproj", "{9742C8F0-5F9B-4D18-91B7-F06C59832BC1}"
EndProject
Project("{9A19103F-16F7-4668-BE54-9A1E7A4F7556}") = "ConsoleUI2", "ConsoleUI2\ConsoleUI2.csproj", "{C4158724-F8B4-4758-B638-26DC24A277DA}"
EndProject
Project("{9A19103F-16F7-4668-BE54-9A1E7A4F7556}") = "Core", "Core\Core.csproj", "{F21B056E-CD96-4200-A306-D5CA3CF25AEB}"
EndProject
Project("{FAE04EC0-301F-11D3-BF4B-00C04F79EFBC}") = "WebAPI", "WebAPI\WebAPI.csproj", "{28744181-D4E6-49DB-9942-7A0AE2490642}"
EndProject
Global
	GlobalSection(SolutionConfigurationPlatforms) = preSolution
		Debug|Any CPU = Debug|Any CPU
		Release|Any CPU = Release|Any CPU
	EndGlobalSection
	GlobalSection(ProjectConfigurationPlatforms) = postSolution
		{98883BB1-723E-488B-B14C-885D806629F6}.Debug|Any CPU.ActiveCfg = Debug|Any CPU
		{98883BB1-723E-488B-B14C-885D806629F6}.Debug|Any CPU.Build.0 = Debug|Any CPU
		{98883BB1-723E-488B-B14C-885D806629F6}.Release|Any CPU.ActiveCfg = Release|Any CPU
		{98883BB1-723E-488B-B14C-885D806629F6}.Release|Any CPU.Build.0 = Release|Any CPU
		{3DDAF8DA-DC52-4348-8AF2-B3CF206873F8}.Debug|Any CPU.ActiveCfg = Debug|Any CPU
		{3DDAF8DA-DC52-4348-8AF2-B3CF206873F8}.Debug|Any CPU.Build.0 = Debug|Any CPU
		{3DDAF8DA-DC52-4348-8AF2-B3CF206873F8}.Release|Any CPU.ActiveCfg = Release|Any CPU
		{3DDAF8DA-DC52-4348-8AF2-B3CF206873F8}.Release|Any CPU.Build.0 = Release|Any CPU
		{9742C8F0-5F9B-4D18-91B7-F06C59832BC1}.Debug|Any CPU.ActiveCfg = Debug|Any CPU
		{9742C8F0-5F9B-4D18-91B7-F06C59832BC1}.Debug|Any CPU.Build.0 = Debug|Any CPU
		{9742C8F0-5F9B-4D18-91B7-F06C59832BC1}.Release|Any CPU.ActiveCfg = Release|Any CPU
		{9742C8F0-5F9B-4D18-91B7-F06C59832BC1}.Release|Any CPU.Build.0 = Release|Any CPU
		{C4158724-F8B4-4758-B638-26DC24A277DA}.Debug|Any CPU.ActiveCfg = Debug|Any CPU
		{C4158724-F8B4-4758-B638-26DC24A277DA}.Debug|Any CPU.Build.0 = Debug|Any CPU
		{C4158724-F8B4-4758-B638-26DC24A277DA}.Release|Any CPU.ActiveCfg = Release|Any CPU
		{C4158724-F8B4-4758-B638-26DC24A277DA}.Release|Any CPU.Build.0 = Release|Any CPU
		{F21B056E-CD96-4200-A306-D5CA3CF25AEB}.Debug|Any CPU.ActiveCfg = Debug|Any CPU
		{F21B056E-CD96-4200-A306-D5CA3CF25AEB}.Debug|Any CPU.Build.0 = Debug|Any CPU
		{F21B056E-CD96-4200-A306-D5CA3CF25AEB}.Release|Any CPU.ActiveCfg = Release|Any CPU
		{F21B056E-CD96-4200-A306-D5CA3CF25AEB}.Release|Any CPU.Build.0 = Release|Any CPU
		{28744181-D4E6-49DB-9942-7A0AE2490642}.Debug|Any CPU.ActiveCfg = Debug|Any CPU
		{28744181-D4E6-49DB-9942-7A0AE2490642}.Debug|Any CPU.Build.0 = Debug|Any CPU
		{28744181-D4E6-49DB-9942-7A0AE2490642}.Release|Any CPU.ActiveCfg = Release|Any CPU
		{28744181-D4E6-49DB-9942-7A0AE2490642}.Release|Any CPU.Build.0 = Release|Any CPU
	EndGlobalSection
	GlobalSection(SolutionProperties) = preSolution
		HideSolutionNode = FALSE
	EndGlobalSection
	GlobalSection(ExtensibilityGlobals) = postSolution
		SolutionGuid = {236194B0-821C-4B27-BE5A-11443241BB87}
	EndGlobalSection
EndGlobal
